
Microsoft Visual Studio Solution File, Format Version 12.00
# Visual Studio Version 16
VisualStudioVersion = 16.0.30611.23
MinimumVisualStudioVersion = 10.0.40219.1
Project("{9A19103F-16F7-4668-BE54-9A1E7A4F7556}") = "SlaamMono", "SlaamMono\SlaamMono.csproj", "{C2068920-67CC-41F5-905A-5DADEA459034}"
EndProject
Project("{9A19103F-16F7-4668-BE54-9A1E7A4F7556}") = "ZBlade", "ZBlade\ZBlade.csproj", "{56A572EE-E2DC-42E5-ABC7-9244D480B117}"
EndProject
Project("{FAE04EC0-301F-11D3-BF4B-00C04F79EFBC}") = "SlaamMono.Testing", "SlaamMono.Testing\SlaamMono.Testing.csproj", "{BA79CA72-2640-4646-B576-C408E14047CF}"
EndProject
Project("{2150E333-8FDC-42A3-9474-1A3956D46DE8}") = ".Testing", ".Testing", "{39EE6FB2-974C-48A8-B7EA-03C536A5F57C}"
EndProject
Project("{FAE04EC0-301F-11D3-BF4B-00C04F79EFBC}") = "SlaamMono.Library", "SlaamMono.Library\SlaamMono.Library.csproj", "{DA023922-6E33-47DF-A31B-E7044DE9AD49}"
EndProject
Global
	GlobalSection(SolutionConfigurationPlatforms) = preSolution
		Debug|Any CPU = Debug|Any CPU
		Release|Any CPU = Release|Any CPU
	EndGlobalSection
	GlobalSection(ProjectConfigurationPlatforms) = postSolution
		{C2068920-67CC-41F5-905A-5DADEA459034}.Debug|Any CPU.ActiveCfg = Debug|Any CPU
		{C2068920-67CC-41F5-905A-5DADEA459034}.Debug|Any CPU.Build.0 = Debug|Any CPU
		{C2068920-67CC-41F5-905A-5DADEA459034}.Release|Any CPU.ActiveCfg = Release|Any CPU
		{C2068920-67CC-41F5-905A-5DADEA459034}.Release|Any CPU.Build.0 = Release|Any CPU
		{56A572EE-E2DC-42E5-ABC7-9244D480B117}.Debug|Any CPU.ActiveCfg = Debug|Any CPU
		{56A572EE-E2DC-42E5-ABC7-9244D480B117}.Debug|Any CPU.Build.0 = Debug|Any CPU
		{56A572EE-E2DC-42E5-ABC7-9244D480B117}.Release|Any CPU.ActiveCfg = Release|Any CPU
		{56A572EE-E2DC-42E5-ABC7-9244D480B117}.Release|Any CPU.Build.0 = Release|Any CPU
		{BA79CA72-2640-4646-B576-C408E14047CF}.Debug|Any CPU.ActiveCfg = Debug|Any CPU
		{BA79CA72-2640-4646-B576-C408E14047CF}.Debug|Any CPU.Build.0 = Debug|Any CPU
		{BA79CA72-2640-4646-B576-C408E14047CF}.Release|Any CPU.ActiveCfg = Release|Any CPU
		{BA79CA72-2640-4646-B576-C408E14047CF}.Release|Any CPU.Build.0 = Release|Any CPU
		{DA023922-6E33-47DF-A31B-E7044DE9AD49}.Debug|Any CPU.ActiveCfg = Debug|Any CPU
		{DA023922-6E33-47DF-A31B-E7044DE9AD49}.Debug|Any CPU.Build.0 = Debug|Any CPU
		{DA023922-6E33-47DF-A31B-E7044DE9AD49}.Release|Any CPU.ActiveCfg = Release|Any CPU
		{DA023922-6E33-47DF-A31B-E7044DE9AD49}.Release|Any CPU.Build.0 = Release|Any CPU
	EndGlobalSection
	GlobalSection(SolutionProperties) = preSolution
		HideSolutionNode = FALSE
	EndGlobalSection
	GlobalSection(NestedProjects) = preSolution
		{BA79CA72-2640-4646-B576-C408E14047CF} = {39EE6FB2-974C-48A8-B7EA-03C536A5F57C}
	EndGlobalSection
	GlobalSection(ExtensibilityGlobals) = postSolution
		SolutionGuid = {C6F94BAB-DF65-4818-BFDA-226D2DBE3F1A}
	EndGlobalSection
EndGlobal
