
Microsoft Visual Studio Solution File, Format Version 12.00
# Visual Studio Version 16
VisualStudioVersion = 16.0.30611.23
MinimumVisualStudioVersion = 10.0.40219.1
Project("{FAE04EC0-301F-11D3-BF4B-00C04F79EFBC}") = "SlaamMono", "SlaamMono\SlaamMono.csproj", "{C2068920-67CC-41F5-905A-5DADEA459034}"
EndProject
Project("{FAE04EC0-301F-11D3-BF4B-00C04F79EFBC}") = "ZBlade", "ZBlade\ZBlade.csproj", "{56A572EE-E2DC-42E5-ABC7-9244D480B117}"
EndProject
Project("{FAE04EC0-301F-11D3-BF4B-00C04F79EFBC}") = "TXTProcesser", "TXTProcesser\TXTProcesser.csproj", "{3301CAC7-8682-47B3-A38C-0DCD6788E191}"
EndProject
Global
	GlobalSection(SolutionConfigurationPlatforms) = preSolution
		Debug|Any CPU = Debug|Any CPU
		Release|Any CPU = Release|Any CPU
	EndGlobalSection
	GlobalSection(ProjectConfigurationPlatforms) = postSolution
		{C2068920-67CC-41F5-905A-5DADEA459034}.Debug|Any CPU.ActiveCfg = Debug|Any CPU
		{C2068920-67CC-41F5-905A-5DADEA459034}.Debug|Any CPU.Build.0 = Debug|Any CPU
		{C2068920-67CC-41F5-905A-5DADEA459034}.Release|Any CPU.ActiveCfg = Release|Any CPU
		{C2068920-67CC-41F5-905A-5DADEA459034}.Release|Any CPU.Build.0 = Release|Any CPU
		{56A572EE-E2DC-42E5-ABC7-9244D480B117}.Debug|Any CPU.ActiveCfg = Debug|Any CPU
		{56A572EE-E2DC-42E5-ABC7-9244D480B117}.Debug|Any CPU.Build.0 = Debug|Any CPU
		{56A572EE-E2DC-42E5-ABC7-9244D480B117}.Release|Any CPU.ActiveCfg = Release|Any CPU
		{56A572EE-E2DC-42E5-ABC7-9244D480B117}.Release|Any CPU.Build.0 = Release|Any CPU
		{3301CAC7-8682-47B3-A38C-0DCD6788E191}.Debug|Any CPU.ActiveCfg = Debug|Any CPU
		{3301CAC7-8682-47B3-A38C-0DCD6788E191}.Debug|Any CPU.Build.0 = Debug|Any CPU
		{3301CAC7-8682-47B3-A38C-0DCD6788E191}.Release|Any CPU.ActiveCfg = Release|Any CPU
		{3301CAC7-8682-47B3-A38C-0DCD6788E191}.Release|Any CPU.Build.0 = Release|Any CPU
	EndGlobalSection
	GlobalSection(SolutionProperties) = preSolution
		HideSolutionNode = FALSE
	EndGlobalSection
	GlobalSection(ExtensibilityGlobals) = postSolution
		SolutionGuid = {C6F94BAB-DF65-4818-BFDA-226D2DBE3F1A}
	EndGlobalSection
EndGlobal
